
Microsoft Visual Studio Solution File, Format Version 12.00
# Visual Studio Version 16
VisualStudioVersion = 16.0.33027.164
MinimumVisualStudioVersion = 10.0.40219.1
Project("{FAE04EC0-301F-11D3-BF4B-00C04F79EFBC}") = "AnonymousActionDelegate", "AnonymousActionDelegate\AnonymousActionDelegate.csproj", "{36686CB3-BF98-4A31-A0B6-D52FE28F337C}"
EndProject
Global
	GlobalSection(SolutionConfigurationPlatforms) = preSolution
		Debug|Any CPU = Debug|Any CPU
		Release|Any CPU = Release|Any CPU
	EndGlobalSection
	GlobalSection(ProjectConfigurationPlatforms) = postSolution
		{36686CB3-BF98-4A31-A0B6-D52FE28F337C}.Debug|Any CPU.ActiveCfg = Debug|Any CPU
		{36686CB3-BF98-4A31-A0B6-D52FE28F337C}.Debug|Any CPU.Build.0 = Debug|Any CPU
		{36686CB3-BF98-4A31-A0B6-D52FE28F337C}.Release|Any CPU.ActiveCfg = Release|Any CPU
		{36686CB3-BF98-4A31-A0B6-D52FE28F337C}.Release|Any CPU.Build.0 = Release|Any CPU
	EndGlobalSection
	GlobalSection(SolutionProperties) = preSolution
		HideSolutionNode = FALSE
	EndGlobalSection
	GlobalSection(ExtensibilityGlobals) = postSolution
		SolutionGuid = {73BF3762-E584-42B0-A39C-0380DF15C755}
	EndGlobalSection
EndGlobal
