
Microsoft Visual Studio Solution File, Format Version 12.00
# Visual Studio Version 16
VisualStudioVersion = 16.0.33027.164
MinimumVisualStudioVersion = 10.0.40219.1
Project("{FAE04EC0-301F-11D3-BF4B-00C04F79EFBC}") = "AnonymousDelegate", "AnonymousDelegate\AnonymousDelegate.csproj", "{F5DB2578-88B4-4D11-9BC1-5A188FF079BC}"
EndProject
Global
	GlobalSection(SolutionConfigurationPlatforms) = preSolution
		Debug|Any CPU = Debug|Any CPU
		Release|Any CPU = Release|Any CPU
	EndGlobalSection
	GlobalSection(ProjectConfigurationPlatforms) = postSolution
		{F5DB2578-88B4-4D11-9BC1-5A188FF079BC}.Debug|Any CPU.ActiveCfg = Debug|Any CPU
		{F5DB2578-88B4-4D11-9BC1-5A188FF079BC}.Debug|Any CPU.Build.0 = Debug|Any CPU
		{F5DB2578-88B4-4D11-9BC1-5A188FF079BC}.Release|Any CPU.ActiveCfg = Release|Any CPU
		{F5DB2578-88B4-4D11-9BC1-5A188FF079BC}.Release|Any CPU.Build.0 = Release|Any CPU
	EndGlobalSection
	GlobalSection(SolutionProperties) = preSolution
		HideSolutionNode = FALSE
	EndGlobalSection
	GlobalSection(ExtensibilityGlobals) = postSolution
		SolutionGuid = {BD0DE507-6DE1-4397-ACE5-662F233024F6}
	EndGlobalSection
EndGlobal
